
Microsoft Visual Studio Solution File, Format Version 12.00
# Visual Studio 15
VisualStudioVersion = 15.0.27428.2037
MinimumVisualStudioVersion = 10.0.40219.1
Project("{FAE04EC0-301F-11D3-BF4B-00C04F79EFBC}") = "Solution_01", "Solution_01\Solution_01.csproj", "{E1C74363-5DFA-47DA-A288-1595E9807843}"
EndProject
Project("{FAE04EC0-301F-11D3-BF4B-00C04F79EFBC}") = "Solution_02", "Solution_02\Solution_02.csproj", "{C778C31D-D3C3-4A8C-9456-70EC1BB1DC19}"
EndProject
Global
	GlobalSection(SolutionConfigurationPlatforms) = preSolution
		Debug|Any CPU = Debug|Any CPU
		Release|Any CPU = Release|Any CPU
	EndGlobalSection
	GlobalSection(ProjectConfigurationPlatforms) = postSolution
		{E1C74363-5DFA-47DA-A288-1595E9807843}.Debug|Any CPU.ActiveCfg = Debug|Any CPU
		{E1C74363-5DFA-47DA-A288-1595E9807843}.Debug|Any CPU.Build.0 = Debug|Any CPU
		{E1C74363-5DFA-47DA-A288-1595E9807843}.Release|Any CPU.ActiveCfg = Release|Any CPU
		{E1C74363-5DFA-47DA-A288-1595E9807843}.Release|Any CPU.Build.0 = Release|Any CPU
		{C778C31D-D3C3-4A8C-9456-70EC1BB1DC19}.Debug|Any CPU.ActiveCfg = Debug|Any CPU
		{C778C31D-D3C3-4A8C-9456-70EC1BB1DC19}.Debug|Any CPU.Build.0 = Debug|Any CPU
		{C778C31D-D3C3-4A8C-9456-70EC1BB1DC19}.Release|Any CPU.ActiveCfg = Release|Any CPU
		{C778C31D-D3C3-4A8C-9456-70EC1BB1DC19}.Release|Any CPU.Build.0 = Release|Any CPU
	EndGlobalSection
	GlobalSection(SolutionProperties) = preSolution
		HideSolutionNode = FALSE
	EndGlobalSection
	GlobalSection(ExtensibilityGlobals) = postSolution
		SolutionGuid = {A03A3E62-D6FA-41B2-A796-C5AF5BE2188A}
	EndGlobalSection
EndGlobal
